// !$*UTF8*$!
{
	archiveVersion = 1;
	classes = {
	};
	objectVersion = 50;
	objects = {

/* Begin PBXBuildFile section */
		20230600219C662600532C2A /* AppDelegate.swift in Sources */ = {isa = PBXBuildFile; fileRef = 202305FF219C662600532C2A /* AppDelegate.swift */; };
		20230602219C662600532C2A /* ViewController.swift in Sources */ = {isa = PBXBuildFile; fileRef = 20230601219C662600532C2A /* ViewController.swift */; };
		20230605219C662600532C2A /* Main.storyboard in Resources */ = {isa = PBXBuildFile; fileRef = 20230603219C662600532C2A /* Main.storyboard */; };
		20230608219C662600532C2A /* hypermobile.xcdatamodeld in Sources */ = {isa = PBXBuildFile; fileRef = 20230606219C662600532C2A /* hypermobile.xcdatamodeld */; };
		2023060A219C662700532C2A /* Assets.xcassets in Resources */ = {isa = PBXBuildFile; fileRef = 20230609219C662700532C2A /* Assets.xcassets */; };
		2023060D219C662700532C2A /* LaunchScreen.storyboard in Resources */ = {isa = PBXBuildFile; fileRef = 2023060B219C662700532C2A /* LaunchScreen.storyboard */; };
		2023061C219C667500532C2A /* IntentHandler.swift in Sources */ = {isa = PBXBuildFile; fileRef = 2023061B219C667500532C2A /* IntentHandler.swift */; };
		20230625219C667500532C2A /* IntentsUI.framework in Frameworks */ = {isa = PBXBuildFile; fileRef = 20230624219C667500532C2A /* IntentsUI.framework */; };
		20230628219C667500532C2A /* IntentViewController.swift in Sources */ = {isa = PBXBuildFile; fileRef = 20230627219C667500532C2A /* IntentViewController.swift */; };
		2023062B219C667500532C2A /* MainInterface.storyboard in Resources */ = {isa = PBXBuildFile; fileRef = 20230629219C667500532C2A /* MainInterface.storyboard */; };
		2023062F219C667500532C2A /* DailySalesIntentUI.appex in Embed App Extensions */ = {isa = PBXBuildFile; fileRef = 20230622219C667500532C2A /* DailySalesIntentUI.appex */; settings = {ATTRIBUTES = (RemoveHeadersOnCopy, ); }; };
		20230632219C667500532C2A /* DailySalesIntent.appex in Embed App Extensions */ = {isa = PBXBuildFile; fileRef = 20230619219C667500532C2A /* DailySalesIntent.appex */; settings = {ATTRIBUTES = (RemoveHeadersOnCopy, ); }; };
		2023063B219C669100532C2A /* Intents.intentdefinition in Sources */ = {isa = PBXBuildFile; fileRef = 2023063A219C669100532C2A /* Intents.intentdefinition */; };
		2023063C219C669100532C2A /* Intents.intentdefinition in Sources */ = {isa = PBXBuildFile; fileRef = 2023063A219C669100532C2A /* Intents.intentdefinition */; };
		2023063D219C669100532C2A /* Intents.intentdefinition in Sources */ = {isa = PBXBuildFile; fileRef = 2023063A219C669100532C2A /* Intents.intentdefinition */; };
		2023063E219C676300532C2A /* IntentHandler.swift in Sources */ = {isa = PBXBuildFile; fileRef = 2023061B219C667500532C2A /* IntentHandler.swift */; };
		2023063F219C677000532C2A /* IntentHandler.swift in Sources */ = {isa = PBXBuildFile; fileRef = 2023061B219C667500532C2A /* IntentHandler.swift */; };
		20230641219C67BB00532C2A /* GetDailySalesIntentHandler.swift in Sources */ = {isa = PBXBuildFile; fileRef = 20230640219C67BB00532C2A /* GetDailySalesIntentHandler.swift */; };
		20230642219C67BB00532C2A /* GetDailySalesIntentHandler.swift in Sources */ = {isa = PBXBuildFile; fileRef = 20230640219C67BB00532C2A /* GetDailySalesIntentHandler.swift */; };
		20230643219C67BB00532C2A /* GetDailySalesIntentHandler.swift in Sources */ = {isa = PBXBuildFile; fileRef = 20230640219C67BB00532C2A /* GetDailySalesIntentHandler.swift */; };
		20230644219C864B00532C2A /* IntentViewController.swift in Sources */ = {isa = PBXBuildFile; fileRef = 20230627219C667500532C2A /* IntentViewController.swift */; };
		20C22E2F219E441600DF532E /* README.md in Resources */ = {isa = PBXBuildFile; fileRef = 20C22E2E219E441600DF532E /* README.md */; };
/* End PBXBuildFile section */

/* Begin PBXContainerItemProxy section */
		2023062D219C667500532C2A /* PBXContainerItemProxy */ = {
			isa = PBXContainerItemProxy;
			containerPortal = 202305F4219C662600532C2A /* Project object */;
			proxyType = 1;
			remoteGlobalIDString = 20230621219C667500532C2A;
			remoteInfo = DailySalesIntentUI;
		};
		20230630219C667500532C2A /* PBXContainerItemProxy */ = {
			isa = PBXContainerItemProxy;
			containerPortal = 202305F4219C662600532C2A /* Project object */;
			proxyType = 1;
			remoteGlobalIDString = 20230618219C667500532C2A;
			remoteInfo = DailySalesIntent;
		};
/* End PBXContainerItemProxy section */

/* Begin PBXCopyFilesBuildPhase section */
		20230639219C667500532C2A /* Embed App Extensions */ = {
			isa = PBXCopyFilesBuildPhase;
			buildActionMask = 2147483647;
			dstPath = "";
			dstSubfolderSpec = 13;
			files = (
				2023062F219C667500532C2A /* DailySalesIntentUI.appex in Embed App Extensions */,
				20230632219C667500532C2A /* DailySalesIntent.appex in Embed App Extensions */,
			);
			name = "Embed App Extensions";
			runOnlyForDeploymentPostprocessing = 0;
		};
/* End PBXCopyFilesBuildPhase section */

/* Begin PBXFileReference section */
		202305FC219C662600532C2A /* hypermobile.app */ = {isa = PBXFileReference; explicitFileType = wrapper.application; includeInIndex = 0; path = hypermobile.app; sourceTree = BUILT_PRODUCTS_DIR; };
		202305FF219C662600532C2A /* AppDelegate.swift */ = {isa = PBXFileReference; lastKnownFileType = sourcecode.swift; path = AppDelegate.swift; sourceTree = "<group>"; };
		20230601219C662600532C2A /* ViewController.swift */ = {isa = PBXFileReference; lastKnownFileType = sourcecode.swift; path = ViewController.swift; sourceTree = "<group>"; };
		20230604219C662600532C2A /* Base */ = {isa = PBXFileReference; lastKnownFileType = file.storyboard; name = Base; path = Base.lproj/Main.storyboard; sourceTree = "<group>"; };
		20230607219C662600532C2A /* hypermobile.xcdatamodel */ = {isa = PBXFileReference; lastKnownFileType = wrapper.xcdatamodel; path = hypermobile.xcdatamodel; sourceTree = "<group>"; };
		20230609219C662700532C2A /* Assets.xcassets */ = {isa = PBXFileReference; lastKnownFileType = folder.assetcatalog; path = Assets.xcassets; sourceTree = "<group>"; };
		2023060C219C662700532C2A /* Base */ = {isa = PBXFileReference; lastKnownFileType = file.storyboard; name = Base; path = Base.lproj/LaunchScreen.storyboard; sourceTree = "<group>"; };
		2023060E219C662700532C2A /* Info.plist */ = {isa = PBXFileReference; lastKnownFileType = text.plist.xml; path = Info.plist; sourceTree = "<group>"; };
		20230614219C663400532C2A /* hypermobile.entitlements */ = {isa = PBXFileReference; lastKnownFileType = text.plist.entitlements; path = hypermobile.entitlements; sourceTree = "<group>"; };
		20230619219C667500532C2A /* DailySalesIntent.appex */ = {isa = PBXFileReference; explicitFileType = "wrapper.app-extension"; includeInIndex = 0; path = DailySalesIntent.appex; sourceTree = BUILT_PRODUCTS_DIR; };
		2023061B219C667500532C2A /* IntentHandler.swift */ = {isa = PBXFileReference; lastKnownFileType = sourcecode.swift; path = IntentHandler.swift; sourceTree = "<group>"; };
		2023061D219C667500532C2A /* Info.plist */ = {isa = PBXFileReference; lastKnownFileType = text.plist.xml; path = Info.plist; sourceTree = "<group>"; };
		20230622219C667500532C2A /* DailySalesIntentUI.appex */ = {isa = PBXFileReference; explicitFileType = "wrapper.app-extension"; includeInIndex = 0; path = DailySalesIntentUI.appex; sourceTree = BUILT_PRODUCTS_DIR; };
		20230624219C667500532C2A /* IntentsUI.framework */ = {isa = PBXFileReference; lastKnownFileType = wrapper.framework; name = IntentsUI.framework; path = System/Library/Frameworks/IntentsUI.framework; sourceTree = SDKROOT; };
		20230627219C667500532C2A /* IntentViewController.swift */ = {isa = PBXFileReference; lastKnownFileType = sourcecode.swift; path = IntentViewController.swift; sourceTree = "<group>"; };
		2023062A219C667500532C2A /* Base */ = {isa = PBXFileReference; lastKnownFileType = file.storyboard; name = Base; path = Base.lproj/MainInterface.storyboard; sourceTree = "<group>"; };
		2023062C219C667500532C2A /* Info.plist */ = {isa = PBXFileReference; lastKnownFileType = text.plist.xml; path = Info.plist; sourceTree = "<group>"; };
		2023063A219C669100532C2A /* Intents.intentdefinition */ = {isa = PBXFileReference; lastKnownFileType = file.intentdefinition; path = Intents.intentdefinition; sourceTree = "<group>"; };
		20230640219C67BB00532C2A /* GetDailySalesIntentHandler.swift */ = {isa = PBXFileReference; lastKnownFileType = sourcecode.swift; path = GetDailySalesIntentHandler.swift; sourceTree = "<group>"; };
		20230645219C89BC00532C2A /* DailySalesIntent.entitlements */ = {isa = PBXFileReference; lastKnownFileType = text.plist.entitlements; path = DailySalesIntent.entitlements; sourceTree = "<group>"; };
		20230646219C89C900532C2A /* DailySalesIntentUI.entitlements */ = {isa = PBXFileReference; lastKnownFileType = text.plist.entitlements; path = DailySalesIntentUI.entitlements; sourceTree = "<group>"; };
		20C22E2E219E441600DF532E /* README.md */ = {isa = PBXFileReference; lastKnownFileType = net.daringfireball.markdown; path = README.md; sourceTree = "<group>"; };
/* End PBXFileReference section */

/* Begin PBXFrameworksBuildPhase section */
		202305F9219C662600532C2A /* Frameworks */ = {
			isa = PBXFrameworksBuildPhase;
			buildActionMask = 2147483647;
			files = (
			);
			runOnlyForDeploymentPostprocessing = 0;
		};
		20230616219C667500532C2A /* Frameworks */ = {
			isa = PBXFrameworksBuildPhase;
			buildActionMask = 2147483647;
			files = (
			);
			runOnlyForDeploymentPostprocessing = 0;
		};
		2023061F219C667500532C2A /* Frameworks */ = {
			isa = PBXFrameworksBuildPhase;
			buildActionMask = 2147483647;
			files = (
				20230625219C667500532C2A /* IntentsUI.framework in Frameworks */,
			);
			runOnlyForDeploymentPostprocessing = 0;
		};
/* End PBXFrameworksBuildPhase section */

/* Begin PBXGroup section */
		202305F3219C662600532C2A = {
			isa = PBXGroup;
			children = (
				20C22E2E219E441600DF532E /* README.md */,
				202305FE219C662600532C2A /* hypermobile */,
				2023061A219C667500532C2A /* DailySalesIntent */,
				20230626219C667500532C2A /* DailySalesIntentUI */,
				20230623219C667500532C2A /* Frameworks */,
				202305FD219C662600532C2A /* Products */,
			);
			sourceTree = "<group>";
		};
		202305FD219C662600532C2A /* Products */ = {
			isa = PBXGroup;
			children = (
				202305FC219C662600532C2A /* hypermobile.app */,
				20230619219C667500532C2A /* DailySalesIntent.appex */,
				20230622219C667500532C2A /* DailySalesIntentUI.appex */,
			);
			name = Products;
			sourceTree = "<group>";
		};
		202305FE219C662600532C2A /* hypermobile */ = {
			isa = PBXGroup;
			children = (
				20230614219C663400532C2A /* hypermobile.entitlements */,
				202305FF219C662600532C2A /* AppDelegate.swift */,
				20230601219C662600532C2A /* ViewController.swift */,
				20230603219C662600532C2A /* Main.storyboard */,
				20230609219C662700532C2A /* Assets.xcassets */,
				2023060B219C662700532C2A /* LaunchScreen.storyboard */,
				2023060E219C662700532C2A /* Info.plist */,
				20230606219C662600532C2A /* hypermobile.xcdatamodeld */,
				2023063A219C669100532C2A /* Intents.intentdefinition */,
			);
			path = hypermobile;
			sourceTree = "<group>";
		};
		2023061A219C667500532C2A /* DailySalesIntent */ = {
			isa = PBXGroup;
			children = (
				20230645219C89BC00532C2A /* DailySalesIntent.entitlements */,
				2023061B219C667500532C2A /* IntentHandler.swift */,
				2023061D219C667500532C2A /* Info.plist */,
				20230640219C67BB00532C2A /* GetDailySalesIntentHandler.swift */,
			);
			path = DailySalesIntent;
			sourceTree = "<group>";
		};
		20230623219C667500532C2A /* Frameworks */ = {
			isa = PBXGroup;
			children = (
				20230624219C667500532C2A /* IntentsUI.framework */,
			);
			name = Frameworks;
			sourceTree = "<group>";
		};
		20230626219C667500532C2A /* DailySalesIntentUI */ = {
			isa = PBXGroup;
			children = (
				20230646219C89C900532C2A /* DailySalesIntentUI.entitlements */,
				20230627219C667500532C2A /* IntentViewController.swift */,
				20230629219C667500532C2A /* MainInterface.storyboard */,
				2023062C219C667500532C2A /* Info.plist */,
			);
			path = DailySalesIntentUI;
			sourceTree = "<group>";
		};
/* End PBXGroup section */

/* Begin PBXNativeTarget section */
		202305FB219C662600532C2A /* hypermobile */ = {
			isa = PBXNativeTarget;
			buildConfigurationList = 20230611219C662700532C2A /* Build configuration list for PBXNativeTarget "hypermobile" */;
			buildPhases = (
				202305F8219C662600532C2A /* Sources */,
				202305F9219C662600532C2A /* Frameworks */,
				202305FA219C662600532C2A /* Resources */,
				20230639219C667500532C2A /* Embed App Extensions */,
			);
			buildRules = (
			);
			dependencies = (
				2023062E219C667500532C2A /* PBXTargetDependency */,
				20230631219C667500532C2A /* PBXTargetDependency */,
			);
			name = hypermobile;
			productName = hypermobile;
			productReference = 202305FC219C662600532C2A /* hypermobile.app */;
			productType = "com.apple.product-type.application";
		};
		20230618219C667500532C2A /* DailySalesIntent */ = {
			isa = PBXNativeTarget;
			buildConfigurationList = 20230636219C667500532C2A /* Build configuration list for PBXNativeTarget "DailySalesIntent" */;
			buildPhases = (
				20230615219C667500532C2A /* Sources */,
				20230616219C667500532C2A /* Frameworks */,
				20230617219C667500532C2A /* Resources */,
			);
			buildRules = (
			);
			dependencies = (
			);
			name = DailySalesIntent;
			productName = DailySalesIntent;
			productReference = 20230619219C667500532C2A /* DailySalesIntent.appex */;
			productType = "com.apple.product-type.app-extension";
		};
		20230621219C667500532C2A /* DailySalesIntentUI */ = {
			isa = PBXNativeTarget;
			buildConfigurationList = 20230633219C667500532C2A /* Build configuration list for PBXNativeTarget "DailySalesIntentUI" */;
			buildPhases = (
				2023061E219C667500532C2A /* Sources */,
				2023061F219C667500532C2A /* Frameworks */,
				20230620219C667500532C2A /* Resources */,
			);
			buildRules = (
			);
			dependencies = (
			);
			name = DailySalesIntentUI;
			productName = DailySalesIntentUI;
			productReference = 20230622219C667500532C2A /* DailySalesIntentUI.appex */;
			productType = "com.apple.product-type.app-extension";
		};
/* End PBXNativeTarget section */

/* Begin PBXProject section */
		202305F4219C662600532C2A /* Project object */ = {
			isa = PBXProject;
			attributes = {
				LastSwiftUpdateCheck = 1010;
				LastUpgradeCheck = 1010;
				ORGANIZATIONNAME = "Evan Williams";
				TargetAttributes = {
					202305FB219C662600532C2A = {
						CreatedOnToolsVersion = 10.1;
						SystemCapabilities = {
							com.apple.ApplicationGroups.iOS = {
								enabled = 1;
							};
							com.apple.Siri = {
								enabled = 1;
							};
						};
					};
					20230618219C667500532C2A = {
						CreatedOnToolsVersion = 10.1;
						SystemCapabilities = {
							com.apple.ApplicationGroups.iOS = {
								enabled = 1;
							};
						};
					};
					20230621219C667500532C2A = {
						CreatedOnToolsVersion = 10.1;
						SystemCapabilities = {
							com.apple.ApplicationGroups.iOS = {
								enabled = 1;
							};
						};
					};
				};
			};
			buildConfigurationList = 202305F7219C662600532C2A /* Build configuration list for PBXProject "hypermobile" */;
			compatibilityVersion = "Xcode 9.3";
			developmentRegion = en;
			hasScannedForEncodings = 0;
			knownRegions = (
				en,
				Base,
			);
			mainGroup = 202305F3219C662600532C2A;
			productRefGroup = 202305FD219C662600532C2A /* Products */;
			projectDirPath = "";
			projectRoot = "";
			targets = (
				202305FB219C662600532C2A /* hypermobile */,
				20230618219C667500532C2A /* DailySalesIntent */,
				20230621219C667500532C2A /* DailySalesIntentUI */,
			);
		};
/* End PBXProject section */

/* Begin PBXResourcesBuildPhase section */
		202305FA219C662600532C2A /* Resources */ = {
			isa = PBXResourcesBuildPhase;
			buildActionMask = 2147483647;
			files = (
				2023060D219C662700532C2A /* LaunchScreen.storyboard in Resources */,
				2023060A219C662700532C2A /* Assets.xcassets in Resources */,
				20C22E2F219E441600DF532E /* README.md in Resources */,
				20230605219C662600532C2A /* Main.storyboard in Resources */,
			);
			runOnlyForDeploymentPostprocessing = 0;
		};
		20230617219C667500532C2A /* Resources */ = {
			isa = PBXResourcesBuildPhase;
			buildActionMask = 2147483647;
			files = (
			);
			runOnlyForDeploymentPostprocessing = 0;
		};
		20230620219C667500532C2A /* Resources */ = {
			isa = PBXResourcesBuildPhase;
			buildActionMask = 2147483647;
			files = (
				2023062B219C667500532C2A /* MainInterface.storyboard in Resources */,
			);
			runOnlyForDeploymentPostprocessing = 0;
		};
/* End PBXResourcesBuildPhase section */

/* Begin PBXSourcesBuildPhase section */
		202305F8219C662600532C2A /* Sources */ = {
			isa = PBXSourcesBuildPhase;
			buildActionMask = 2147483647;
			files = (
				20230641219C67BB00532C2A /* GetDailySalesIntentHandler.swift in Sources */,
				20230602219C662600532C2A /* ViewController.swift in Sources */,
				2023063E219C676300532C2A /* IntentHandler.swift in Sources */,
				20230608219C662600532C2A /* hypermobile.xcdatamodeld in Sources */,
				2023063B219C669100532C2A /* Intents.intentdefinition in Sources */,
				20230600219C662600532C2A /* AppDelegate.swift in Sources */,
			);
			runOnlyForDeploymentPostprocessing = 0;
		};
		20230615219C667500532C2A /* Sources */ = {
			isa = PBXSourcesBuildPhase;
			buildActionMask = 2147483647;
			files = (
				20230642219C67BB00532C2A /* GetDailySalesIntentHandler.swift in Sources */,
				2023063C219C669100532C2A /* Intents.intentdefinition in Sources */,
				20230644219C864B00532C2A /* IntentViewController.swift in Sources */,
				2023061C219C667500532C2A /* IntentHandler.swift in Sources */,
			);
			runOnlyForDeploymentPostprocessing = 0;
		};
		2023061E219C667500532C2A /* Sources */ = {
			isa = PBXSourcesBuildPhase;
			buildActionMask = 2147483647;
			files = (
				20230643219C67BB00532C2A /* GetDailySalesIntentHandler.swift in Sources */,
				2023063D219C669100532C2A /* Intents.intentdefinition in Sources */,
				2023063F219C677000532C2A /* IntentHandler.swift in Sources */,
				20230628219C667500532C2A /* IntentViewController.swift in Sources */,
			);
			runOnlyForDeploymentPostprocessing = 0;
		};
/* End PBXSourcesBuildPhase section */

/* Begin PBXTargetDependency section */
		2023062E219C667500532C2A /* PBXTargetDependency */ = {
			isa = PBXTargetDependency;
			target = 20230621219C667500532C2A /* DailySalesIntentUI */;
			targetProxy = 2023062D219C667500532C2A /* PBXContainerItemProxy */;
		};
		20230631219C667500532C2A /* PBXTargetDependency */ = {
			isa = PBXTargetDependency;
			target = 20230618219C667500532C2A /* DailySalesIntent */;
			targetProxy = 20230630219C667500532C2A /* PBXContainerItemProxy */;
		};
/* End PBXTargetDependency section */

/* Begin PBXVariantGroup section */
		20230603219C662600532C2A /* Main.storyboard */ = {
			isa = PBXVariantGroup;
			children = (
				20230604219C662600532C2A /* Base */,
			);
			name = Main.storyboard;
			sourceTree = "<group>";
		};
		2023060B219C662700532C2A /* LaunchScreen.storyboard */ = {
			isa = PBXVariantGroup;
			children = (
				2023060C219C662700532C2A /* Base */,
			);
			name = LaunchScreen.storyboard;
			sourceTree = "<group>";
		};
		20230629219C667500532C2A /* MainInterface.storyboard */ = {
			isa = PBXVariantGroup;
			children = (
				2023062A219C667500532C2A /* Base */,
			);
			name = MainInterface.storyboard;
			sourceTree = "<group>";
		};
/* End PBXVariantGroup section */

/* Begin XCBuildConfiguration section */
		2023060F219C662700532C2A /* Debug */ = {
			isa = XCBuildConfiguration;
			buildSettings = {
				ALWAYS_SEARCH_USER_PATHS = NO;
				CLANG_ANALYZER_NONNULL = YES;
				CLANG_ANALYZER_NUMBER_OBJECT_CONVERSION = YES_AGGRESSIVE;
				CLANG_CXX_LANGUAGE_STANDARD = "gnu++14";
				CLANG_CXX_LIBRARY = "libc++";
				CLANG_ENABLE_MODULES = YES;
				CLANG_ENABLE_OBJC_ARC = YES;
				CLANG_ENABLE_OBJC_WEAK = YES;
				CLANG_WARN_BLOCK_CAPTURE_AUTORELEASING = YES;
				CLANG_WARN_BOOL_CONVERSION = YES;
				CLANG_WARN_COMMA = YES;
				CLANG_WARN_CONSTANT_CONVERSION = YES;
				CLANG_WARN_DEPRECATED_OBJC_IMPLEMENTATIONS = YES;
				CLANG_WARN_DIRECT_OBJC_ISA_USAGE = YES_ERROR;
				CLANG_WARN_DOCUMENTATION_COMMENTS = YES;
				CLANG_WARN_EMPTY_BODY = YES;
				CLANG_WARN_ENUM_CONVERSION = YES;
				CLANG_WARN_INFINITE_RECURSION = YES;
				CLANG_WARN_INT_CONVERSION = YES;
				CLANG_WARN_NON_LITERAL_NULL_CONVERSION = YES;
				CLANG_WARN_OBJC_IMPLICIT_RETAIN_SELF = YES;
				CLANG_WARN_OBJC_LITERAL_CONVERSION = YES;
				CLANG_WARN_OBJC_ROOT_CLASS = YES_ERROR;
				CLANG_WARN_RANGE_LOOP_ANALYSIS = YES;
				CLANG_WARN_STRICT_PROTOTYPES = YES;
				CLANG_WARN_SUSPICIOUS_MOVE = YES;
				CLANG_WARN_UNGUARDED_AVAILABILITY = YES_AGGRESSIVE;
				CLANG_WARN_UNREACHABLE_CODE = YES;
				CLANG_WARN__DUPLICATE_METHOD_MATCH = YES;
				CODE_SIGN_IDENTITY = "iPhone Developer";
				COPY_PHASE_STRIP = NO;
				DEBUG_INFORMATION_FORMAT = dwarf;
				ENABLE_STRICT_OBJC_MSGSEND = YES;
				ENABLE_TESTABILITY = YES;
				GCC_C_LANGUAGE_STANDARD = gnu11;
				GCC_DYNAMIC_NO_PIC = NO;
				GCC_NO_COMMON_BLOCKS = YES;
				GCC_OPTIMIZATION_LEVEL = 0;
				GCC_PREPROCESSOR_DEFINITIONS = (
					"DEBUG=1",
					"$(inherited)",
				);
				GCC_WARN_64_TO_32_BIT_CONVERSION = YES;
				GCC_WARN_ABOUT_RETURN_TYPE = YES_ERROR;
				GCC_WARN_UNDECLARED_SELECTOR = YES;
				GCC_WARN_UNINITIALIZED_AUTOS = YES_AGGRESSIVE;
				GCC_WARN_UNUSED_FUNCTION = YES;
				GCC_WARN_UNUSED_VARIABLE = YES;
				IPHONEOS_DEPLOYMENT_TARGET = 12.1;
				MTL_ENABLE_DEBUG_INFO = INCLUDE_SOURCE;
				MTL_FAST_MATH = YES;
				ONLY_ACTIVE_ARCH = YES;
				SDKROOT = iphoneos;
				SWIFT_ACTIVE_COMPILATION_CONDITIONS = DEBUG;
				SWIFT_OPTIMIZATION_LEVEL = "-Onone";
			};
			name = Debug;
		};
		20230610219C662700532C2A /* Release */ = {
			isa = XCBuildConfiguration;
			buildSettings = {
				ALWAYS_SEARCH_USER_PATHS = NO;
				CLANG_ANALYZER_NONNULL = YES;
				CLANG_ANALYZER_NUMBER_OBJECT_CONVERSION = YES_AGGRESSIVE;
				CLANG_CXX_LANGUAGE_STANDARD = "gnu++14";
				CLANG_CXX_LIBRARY = "libc++";
				CLANG_ENABLE_MODULES = YES;
				CLANG_ENABLE_OBJC_ARC = YES;
				CLANG_ENABLE_OBJC_WEAK = YES;
				CLANG_WARN_BLOCK_CAPTURE_AUTORELEASING = YES;
				CLANG_WARN_BOOL_CONVERSION = YES;
				CLANG_WARN_COMMA = YES;
				CLANG_WARN_CONSTANT_CONVERSION = YES;
				CLANG_WARN_DEPRECATED_OBJC_IMPLEMENTATIONS = YES;
				CLANG_WARN_DIRECT_OBJC_ISA_USAGE = YES_ERROR;
				CLANG_WARN_DOCUMENTATION_COMMENTS = YES;
				CLANG_WARN_EMPTY_BODY = YES;
				CLANG_WARN_ENUM_CONVERSION = YES;
				CLANG_WARN_INFINITE_RECURSION = YES;
				CLANG_WARN_INT_CONVERSION = YES;
				CLANG_WARN_NON_LITERAL_NULL_CONVERSION = YES;
				CLANG_WARN_OBJC_IMPLICIT_RETAIN_SELF = YES;
				CLANG_WARN_OBJC_LITERAL_CONVERSION = YES;
				CLANG_WARN_OBJC_ROOT_CLASS = YES_ERROR;
				CLANG_WARN_RANGE_LOOP_ANALYSIS = YES;
				CLANG_WARN_STRICT_PROTOTYPES = YES;
				CLANG_WARN_SUSPICIOUS_MOVE = YES;
				CLANG_WARN_UNGUARDED_AVAILABILITY = YES_AGGRESSIVE;
				CLANG_WARN_UNREACHABLE_CODE = YES;
				CLANG_WARN__DUPLICATE_METHOD_MATCH = YES;
				CODE_SIGN_IDENTITY = "iPhone Developer";
				COPY_PHASE_STRIP = NO;
				DEBUG_INFORMATION_FORMAT = "dwarf-with-dsym";
				ENABLE_NS_ASSERTIONS = NO;
				ENABLE_STRICT_OBJC_MSGSEND = YES;
				GCC_C_LANGUAGE_STANDARD = gnu11;
				GCC_NO_COMMON_BLOCKS = YES;
				GCC_WARN_64_TO_32_BIT_CONVERSION = YES;
				GCC_WARN_ABOUT_RETURN_TYPE = YES_ERROR;
				GCC_WARN_UNDECLARED_SELECTOR = YES;
				GCC_WARN_UNINITIALIZED_AUTOS = YES_AGGRESSIVE;
				GCC_WARN_UNUSED_FUNCTION = YES;
				GCC_WARN_UNUSED_VARIABLE = YES;
				IPHONEOS_DEPLOYMENT_TARGET = 12.1;
				MTL_ENABLE_DEBUG_INFO = NO;
				MTL_FAST_MATH = YES;
				SDKROOT = iphoneos;
				SWIFT_COMPILATION_MODE = wholemodule;
				SWIFT_OPTIMIZATION_LEVEL = "-O";
				VALIDATE_PRODUCT = YES;
			};
			name = Release;
		};
		20230612219C662700532C2A /* Debug */ = {
			isa = XCBuildConfiguration;
			buildSettings = {
				ALWAYS_EMBED_SWIFT_STANDARD_LIBRARIES = YES;
				ASSETCATALOG_COMPILER_APPICON_NAME = AppIcon;
				CODE_SIGN_ENTITLEMENTS = hypermobile/hypermobile.entitlements;
				CODE_SIGN_STYLE = Automatic;
				DEVELOPMENT_TEAM = VMEU4EFFF7;
				INFOPLIST_FILE = hypermobile/Info.plist;
				LD_RUNPATH_SEARCH_PATHS = (
					"$(inherited)",
					"@executable_path/Frameworks",
				);
				PRODUCT_BUNDLE_IDENTIFIER = com.evanwilliams.hypermobile;
				PRODUCT_NAME = "$(TARGET_NAME)";
				SWIFT_VERSION = 4.2;
				TARGETED_DEVICE_FAMILY = "1,2";
			};
			name = Debug;
		};
		20230613219C662700532C2A /* Release */ = {
			isa = XCBuildConfiguration;
			buildSettings = {
				ALWAYS_EMBED_SWIFT_STANDARD_LIBRARIES = YES;
				ASSETCATALOG_COMPILER_APPICON_NAME = AppIcon;
				CODE_SIGN_ENTITLEMENTS = hypermobile/hypermobile.entitlements;
				CODE_SIGN_STYLE = Automatic;
				DEVELOPMENT_TEAM = VMEU4EFFF7;
				INFOPLIST_FILE = hypermobile/Info.plist;
				LD_RUNPATH_SEARCH_PATHS = (
					"$(inherited)",
					"@executable_path/Frameworks",
				);
				PRODUCT_BUNDLE_IDENTIFIER = com.evanwilliams.hypermobile;
				PRODUCT_NAME = "$(TARGET_NAME)";
				SWIFT_VERSION = 4.2;
				TARGETED_DEVICE_FAMILY = "1,2";
			};
			name = Release;
		};
		20230634219C667500532C2A /* Debug */ = {
			isa = XCBuildConfiguration;
			buildSettings = {
				CODE_SIGN_ENTITLEMENTS = DailySalesIntentUI/DailySalesIntentUI.entitlements;
				CODE_SIGN_STYLE = Automatic;
				DEVELOPMENT_TEAM = VMEU4EFFF7;
				INFOPLIST_FILE = DailySalesIntentUI/Info.plist;
				LD_RUNPATH_SEARCH_PATHS = (
					"$(inherited)",
					"@executable_path/Frameworks",
					"@executable_path/../../Frameworks",
				);
				PRODUCT_BUNDLE_IDENTIFIER = com.evanwilliams.hypermobile.DailySalesIntentUI;
				PRODUCT_NAME = "$(TARGET_NAME)";
				SKIP_INSTALL = YES;
				SWIFT_VERSION = 4.2;
				TARGETED_DEVICE_FAMILY = "1,2";
			};
			name = Debug;
		};
		20230635219C667500532C2A /* Release */ = {
			isa = XCBuildConfiguration;
			buildSettings = {
				CODE_SIGN_ENTITLEMENTS = DailySalesIntentUI/DailySalesIntentUI.entitlements;
				CODE_SIGN_STYLE = Automatic;
				DEVELOPMENT_TEAM = VMEU4EFFF7;
				INFOPLIST_FILE = DailySalesIntentUI/Info.plist;
				LD_RUNPATH_SEARCH_PATHS = (
					"$(inherited)",
					"@executable_path/Frameworks",
					"@executable_path/../../Frameworks",
				);
				PRODUCT_BUNDLE_IDENTIFIER = com.evanwilliams.hypermobile.DailySalesIntentUI;
				PRODUCT_NAME = "$(TARGET_NAME)";
				SKIP_INSTALL = YES;
				SWIFT_VERSION = 4.2;
				TARGETED_DEVICE_FAMILY = "1,2";
			};
			name = Release;
		};
		20230637219C667500532C2A /* Debug */ = {
			isa = XCBuildConfiguration;
			buildSettings = {
				CODE_SIGN_ENTITLEMENTS = DailySalesIntent/DailySalesIntent.entitlements;
				CODE_SIGN_STYLE = Automatic;
				DEVELOPMENT_TEAM = VMEU4EFFF7;
				INFOPLIST_FILE = DailySalesIntent/Info.plist;
				LD_RUNPATH_SEARCH_PATHS = (
					"$(inherited)",
					"@executable_path/Frameworks",
					"@executable_path/../../Frameworks",
				);
				PRODUCT_BUNDLE_IDENTIFIER = com.evanwilliams.hypermobile.DailySalesIntent;
				PRODUCT_NAME = "$(TARGET_NAME)";
				SKIP_INSTALL = YES;
				SWIFT_VERSION = 4.2;
				TARGETED_DEVICE_FAMILY = "1,2";
			};
			name = Debug;
		};
		20230638219C667500532C2A /* Release */ = {
			isa = XCBuildConfiguration;
			buildSettings = {
				CODE_SIGN_ENTITLEMENTS = DailySalesIntent/DailySalesIntent.entitlements;
				CODE_SIGN_STYLE = Automatic;
				DEVELOPMENT_TEAM = VMEU4EFFF7;
				INFOPLIST_FILE = DailySalesIntent/Info.plist;
				LD_RUNPATH_SEARCH_PATHS = (
					"$(inherited)",
					"@executable_path/Frameworks",
					"@executable_path/../../Frameworks",
				);
				PRODUCT_BUNDLE_IDENTIFIER = com.evanwilliams.hypermobile.DailySalesIntent;
				PRODUCT_NAME = "$(TARGET_NAME)";
				SKIP_INSTALL = YES;
				SWIFT_VERSION = 4.2;
				TARGETED_DEVICE_FAMILY = "1,2";
			};
			name = Release;
		};
/* End XCBuildConfiguration section */

/* Begin XCConfigurationList section */
		202305F7219C662600532C2A /* Build configuration list for PBXProject "hypermobile" */ = {
			isa = XCConfigurationList;
			buildConfigurations = (
				2023060F219C662700532C2A /* Debug */,
				20230610219C662700532C2A /* Release */,
			);
			defaultConfigurationIsVisible = 0;
			defaultConfigurationName = Release;
		};
		20230611219C662700532C2A /* Build configuration list for PBXNativeTarget "hypermobile" */ = {
			isa = XCConfigurationList;
			buildConfigurations = (
				20230612219C662700532C2A /* Debug */,
				20230613219C662700532C2A /* Release */,
			);
			defaultConfigurationIsVisible = 0;
			defaultConfigurationName = Release;
		};
		20230633219C667500532C2A /* Build configuration list for PBXNativeTarget "DailySalesIntentUI" */ = {
			isa = XCConfigurationList;
			buildConfigurations = (
				20230634219C667500532C2A /* Debug */,
				20230635219C667500532C2A /* Release */,
			);
			defaultConfigurationIsVisible = 0;
			defaultConfigurationName = Release;
		};
		20230636219C667500532C2A /* Build configuration list for PBXNativeTarget "DailySalesIntent" */ = {
			isa = XCConfigurationList;
			buildConfigurations = (
				20230637219C667500532C2A /* Debug */,
				20230638219C667500532C2A /* Release */,
			);
			defaultConfigurationIsVisible = 0;
			defaultConfigurationName = Release;
		};
/* End XCConfigurationList section */

/* Begin XCVersionGroup section */
		20230606219C662600532C2A /* hypermobile.xcdatamodeld */ = {
			isa = XCVersionGroup;
			children = (
				20230607219C662600532C2A /* hypermobile.xcdatamodel */,
			);
			currentVersion = 20230607219C662600532C2A /* hypermobile.xcdatamodel */;
			path = hypermobile.xcdatamodeld;
			sourceTree = "<group>";
			versionGroupType = wrapper.xcdatamodel;
		};
/* End XCVersionGroup section */
	};
	rootObject = 202305F4219C662600532C2A /* Project object */;
}
